
Microsoft Visual Studio Solution File, Format Version 12.00
# Visual Studio Version 16
VisualStudioVersion = 16.0.30709.132
MinimumVisualStudioVersion = 10.0.40219.1
Project("{FAE04EC0-301F-11D3-BF4B-00C04F79EFBC}") = "Async", "Async\Async.csproj", "{A33B9FE9-A480-4624-990D-EBCE3D10A49D}"
EndProject
Global
	GlobalSection(SolutionConfigurationPlatforms) = preSolution
		Debug|Any CPU = Debug|Any CPU
		Release|Any CPU = Release|Any CPU
	EndGlobalSection
	GlobalSection(ProjectConfigurationPlatforms) = postSolution
		{A33B9FE9-A480-4624-990D-EBCE3D10A49D}.Debug|Any CPU.ActiveCfg = Debug|Any CPU
		{A33B9FE9-A480-4624-990D-EBCE3D10A49D}.Debug|Any CPU.Build.0 = Debug|Any CPU
		{A33B9FE9-A480-4624-990D-EBCE3D10A49D}.Release|Any CPU.ActiveCfg = Release|Any CPU
		{A33B9FE9-A480-4624-990D-EBCE3D10A49D}.Release|Any CPU.Build.0 = Release|Any CPU
	EndGlobalSection
	GlobalSection(SolutionProperties) = preSolution
		HideSolutionNode = FALSE
	EndGlobalSection
	GlobalSection(ExtensibilityGlobals) = postSolution
		SolutionGuid = {FE4EB179-5AAB-4961-BF60-D5C9713E415B}
	EndGlobalSection
EndGlobal
